{
  "originHash" : "ed529ccdb5fe9fe2adc07c8e767c4f379c62e294306b54973d7d88d5b3ecfd98",
  "pins" : [
    {
      "identity" : "lan-scanner",
      "kind" : "remoteSourceControl",
      "location" : "https://github.com/MaatheusGois/lan-scanner.git",
      "state" : {
        "branch" : "develop",
        "revision" : "b5d4cda7161efec0fa042670eaa9bb7aeeba5bee"
      }
    },
    {
      "identity" : "purchases-ios-spm",
      "kind" : "remoteSourceControl",
      "location" : "https://github.com/RevenueCat/purchases-ios-spm",
      "state" : {
        "revision" : "0959f74ac36f16fed5375ab0902dbe023830c5e2",
        "version" : "5.26.0"
      }
    }
  ],
  "version" : 3
}
