{
  "originHash" : "1b040b73b7230121f6894472663ea3688b519957c6bd660df5b74c1ade2633cd",
  "pins" : [
    {
      "identity" : "lan-scanner",
      "kind" : "remoteSourceControl",
      "location" : "https://github.com/MaatheusGois/lan-scanner.git",
      "state" : {
        "branch" : "develop",
        "revision" : "b5d4cda7161efec0fa042670eaa9bb7aeeba5bee"
      }
    }
  ],
  "version" : 3
}
